// !$*UTF8*$!
{
	archiveVersion = 1;
	classes = {
	};
	objectVersion = 50;
	objects = {

/* Begin PBXBuildFile section */
		170A607826DC2CE900FDEC94 /* AppStorageTests.swift in Sources */ = {isa = PBXBuildFile; fileRef = 170A607726DC2CE900FDEC94 /* AppStorageTests.swift */; };
		1719DCC626D0077900A12F1C /* Assets.xcassets in Resources */ = {isa = PBXBuildFile; fileRef = 174C439D26CEF755009D6D94 /* Assets.xcassets */; };
		1719DCC726D0077A00A12F1C /* Assets.xcassets in Resources */ = {isa = PBXBuildFile; fileRef = 174C439D26CEF755009D6D94 /* Assets.xcassets */; };
		172CCD4F26DBF88200DD1D4D /* ScenePhase.swift in Sources */ = {isa = PBXBuildFile; fileRef = 172CCD4E26DBF88200DD1D4D /* ScenePhase.swift */; };
		172CCD5126DC049F00DD1D4D /* SceneManager.swift in Sources */ = {isa = PBXBuildFile; fileRef = 172CCD5026DC049F00DD1D4D /* SceneManager.swift */; };
		173D286626CE9C7F00039D17 /* iOS14App.swift in Sources */ = {isa = PBXBuildFile; fileRef = 173D286526CE9C7F00039D17 /* iOS14App.swift */; };
		173D286826CE9C7F00039D17 /* ContentView.swift in Sources */ = {isa = PBXBuildFile; fileRef = 173D286726CE9C7F00039D17 /* ContentView.swift */; };
		174C439026CEC88A009D6D94 /* Color-extension.swift in Sources */ = {isa = PBXBuildFile; fileRef = 174C438F26CEC88A009D6D94 /* Color-extension.swift */; };
		174C439E26CEF755009D6D94 /* Assets.xcassets in Resources */ = {isa = PBXBuildFile; fileRef = 174C439D26CEF755009D6D94 /* Assets.xcassets */; };
		174C43A626CEF7C9009D6D94 /* ProgressView.swift in Sources */ = {isa = PBXBuildFile; fileRef = 174C439126CECF3D009D6D94 /* ProgressView.swift */; };
		174C43A726CEF7CD009D6D94 /* AsyncImage.swift in Sources */ = {isa = PBXBuildFile; fileRef = 1785AACE26CE9DAC0009572F /* AsyncImage.swift */; };
		174C43A826CEF7D0009D6D94 /* Color-extension.swift in Sources */ = {isa = PBXBuildFile; fileRef = 174C438F26CEC88A009D6D94 /* Color-extension.swift */; };
		174C43A926CEF819009D6D94 /* ContentView.swift in Sources */ = {isa = PBXBuildFile; fileRef = 173D286726CE9C7F00039D17 /* ContentView.swift */; };
		174C43B126CEF843009D6D94 /* iOS15App.swift in Sources */ = {isa = PBXBuildFile; fileRef = 174C43B026CEF843009D6D94 /* iOS15App.swift */; };
		174C43BE26CEF897009D6D94 /* AppDelegate.swift in Sources */ = {isa = PBXBuildFile; fileRef = 174C43BC26CEF896009D6D94 /* AppDelegate.swift */; };
		174C43BF26CEF897009D6D94 /* SceneDelegate.swift in Sources */ = {isa = PBXBuildFile; fileRef = 174C43BD26CEF896009D6D94 /* SceneDelegate.swift */; };
		174C43C326CEF996009D6D94 /* LaunchScreen.storyboard in Resources */ = {isa = PBXBuildFile; fileRef = 174C43C226CEF996009D6D94 /* LaunchScreen.storyboard */; };
		174C43C426CEF9F9009D6D94 /* ContentView.swift in Sources */ = {isa = PBXBuildFile; fileRef = 173D286726CE9C7F00039D17 /* ContentView.swift */; };
		175D329E26D03603002322AB /* AsyncImageDemo.swift in Sources */ = {isa = PBXBuildFile; fileRef = 175D329D26D03603002322AB /* AsyncImageDemo.swift */; };
		175D329F26D03603002322AB /* AsyncImageDemo.swift in Sources */ = {isa = PBXBuildFile; fileRef = 175D329D26D03603002322AB /* AsyncImageDemo.swift */; };
		175D32A026D03603002322AB /* AsyncImageDemo.swift in Sources */ = {isa = PBXBuildFile; fileRef = 175D329D26D03603002322AB /* AsyncImageDemo.swift */; };
		175D32A226D036BF002322AB /* NewColorsDemo.swift in Sources */ = {isa = PBXBuildFile; fileRef = 175D32A126D036BF002322AB /* NewColorsDemo.swift */; };
		175D32A326D036BF002322AB /* NewColorsDemo.swift in Sources */ = {isa = PBXBuildFile; fileRef = 175D32A126D036BF002322AB /* NewColorsDemo.swift */; };
		175D32A426D036BF002322AB /* NewColorsDemo.swift in Sources */ = {isa = PBXBuildFile; fileRef = 175D32A126D036BF002322AB /* NewColorsDemo.swift */; };
		175D32A626D03731002322AB /* LabelDemo.swift in Sources */ = {isa = PBXBuildFile; fileRef = 175D32A526D03731002322AB /* LabelDemo.swift */; };
		175D32A726D03731002322AB /* LabelDemo.swift in Sources */ = {isa = PBXBuildFile; fileRef = 175D32A526D03731002322AB /* LabelDemo.swift */; };
		175D32A826D03731002322AB /* LabelDemo.swift in Sources */ = {isa = PBXBuildFile; fileRef = 175D32A526D03731002322AB /* LabelDemo.swift */; };
		175D32AA26D0381B002322AB /* ProgressViewDemo.swift in Sources */ = {isa = PBXBuildFile; fileRef = 175D32A926D0381B002322AB /* ProgressViewDemo.swift */; };
		175D32AB26D0381B002322AB /* ProgressViewDemo.swift in Sources */ = {isa = PBXBuildFile; fileRef = 175D32A926D0381B002322AB /* ProgressViewDemo.swift */; };
		175D32AC26D0381B002322AB /* ProgressViewDemo.swift in Sources */ = {isa = PBXBuildFile; fileRef = 175D32A926D0381B002322AB /* ProgressViewDemo.swift */; };
		1766B77226D61AC2006B096E /* View-onChange.swift in Sources */ = {isa = PBXBuildFile; fileRef = 1766B77126D61AC2006B096E /* View-onChange.swift */; };
		1766B77826D61D86006B096E /* ViewOnChangeDemo.swift in Sources */ = {isa = PBXBuildFile; fileRef = 1766B77726D61D86006B096E /* ViewOnChangeDemo.swift */; };
		1766B77926D61D92006B096E /* ViewOnChangeDemo.swift in Sources */ = {isa = PBXBuildFile; fileRef = 1766B77726D61D86006B096E /* ViewOnChangeDemo.swift */; };
		1766B77A26D61D92006B096E /* ViewOnChangeDemo.swift in Sources */ = {isa = PBXBuildFile; fileRef = 1766B77726D61D86006B096E /* ViewOnChangeDemo.swift */; };
		1772986026DB7AF400CA2A8B /* SceneStorage.swift in Sources */ = {isa = PBXBuildFile; fileRef = 1772985F26DB7AF400CA2A8B /* SceneStorage.swift */; };
		177CDA1626E0FEA400A46E2B /* BasicsDemo.swift in Sources */ = {isa = PBXBuildFile; fileRef = 177CDA1526E0FEA400A46E2B /* BasicsDemo.swift */; };
		177CDA1726E0FEA400A46E2B /* BasicsDemo.swift in Sources */ = {isa = PBXBuildFile; fileRef = 177CDA1526E0FEA400A46E2B /* BasicsDemo.swift */; };
		177CDA1826E0FEA400A46E2B /* BasicsDemo.swift in Sources */ = {isa = PBXBuildFile; fileRef = 177CDA1526E0FEA400A46E2B /* BasicsDemo.swift */; };
		1785AACF26CE9DAC0009572F /* AsyncImage.swift in Sources */ = {isa = PBXBuildFile; fileRef = 1785AACE26CE9DAC0009572F /* AsyncImage.swift */; };
		1788790826D3C58B001C59FF /* ViewGeometryPreferenceKey.swift in Sources */ = {isa = PBXBuildFile; fileRef = 1788790726D3C58B001C59FF /* ViewGeometryPreferenceKey.swift */; };
		1788790926D3C58B001C59FF /* ViewGeometryPreferenceKey.swift in Sources */ = {isa = PBXBuildFile; fileRef = 1788790726D3C58B001C59FF /* ViewGeometryPreferenceKey.swift */; };
		1788790C26D41101001C59FF /* StateObjectDemo.swift in Sources */ = {isa = PBXBuildFile; fileRef = 1788790B26D41101001C59FF /* StateObjectDemo.swift */; };
		1788790D26D41101001C59FF /* StateObjectDemo.swift in Sources */ = {isa = PBXBuildFile; fileRef = 1788790B26D41101001C59FF /* StateObjectDemo.swift */; };
		1788790E26D41101001C59FF /* StateObjectDemo.swift in Sources */ = {isa = PBXBuildFile; fileRef = 1788790B26D41101001C59FF /* StateObjectDemo.swift */; };
		1788791026D41113001C59FF /* StateObject.swift in Sources */ = {isa = PBXBuildFile; fileRef = 1788790F26D41113001C59FF /* StateObject.swift */; };
		178A350C26FB76E900E5049E /* SceneStorageTests.swift in Sources */ = {isa = PBXBuildFile; fileRef = 178A350B26FB76E900E5049E /* SceneStorageTests.swift */; };
		178A350F26FCD29F00E5049E /* AnchorPreferenceKey.swift in Sources */ = {isa = PBXBuildFile; fileRef = 178A350D26FCD27A00E5049E /* AnchorPreferenceKey.swift */; };
		178FF71F26EA457700966364 /* View-Never-body.swift in Sources */ = {isa = PBXBuildFile; fileRef = 178FF71E26EA457700966364 /* View-Never-body.swift */; };
		17A0720526FCDD1300422E22 /* ProperlySizedSFSymbol.swift in Sources */ = {isa = PBXBuildFile; fileRef = 17A0720426FCDD1300422E22 /* ProperlySizedSFSymbol.swift */; };
		17B25DD926CEFCC20004DC50 /* Label.swift in Sources */ = {isa = PBXBuildFile; fileRef = 17B25DD826CEFCC20004DC50 /* Label.swift */; };
		17BEB6BD26EBAABA006C0115 /* View-Accessibility-Wrappers.swift in Sources */ = {isa = PBXBuildFile; fileRef = 17BEB6BC26EBAABA006C0115 /* View-Accessibility-Wrappers.swift */; };
		17C9CC0D26D393BA00459FA2 /* URLSession+DownloadTaskPublisher.swift in Sources */ = {isa = PBXBuildFile; fileRef = 17C9CC0C26D393BA00459FA2 /* URLSession+DownloadTaskPublisher.swift */; };
		17C9CC0E26D393BA00459FA2 /* URLSession+DownloadTaskPublisher.swift in Sources */ = {isa = PBXBuildFile; fileRef = 17C9CC0C26D393BA00459FA2 /* URLSession+DownloadTaskPublisher.swift */; };
		17C9CC1126D3977C00459FA2 /* UnfairLock.swift in Sources */ = {isa = PBXBuildFile; fileRef = 17C9CC1026D3977C00459FA2 /* UnfairLock.swift */; };
		17C9CC1226D3977C00459FA2 /* UnfairLock.swift in Sources */ = {isa = PBXBuildFile; fileRef = 17C9CC1026D3977C00459FA2 /* UnfairLock.swift */; };
		17DE260426D80A4800AB5B07 /* AppStorage.swift in Sources */ = {isa = PBXBuildFile; fileRef = 17DE260326D80A4800AB5B07 /* AppStorage.swift */; };
		17EFA68926D049420094D483 /* Font-extension.swift in Sources */ = {isa = PBXBuildFile; fileRef = 17EFA68826D049420094D483 /* Font-extension.swift */; };
		17EFA68B26D049540094D483 /* NewFontsDemo.swift in Sources */ = {isa = PBXBuildFile; fileRef = 17EFA68A26D049540094D483 /* NewFontsDemo.swift */; };
		17EFA68C26D049D80094D483 /* NewFontsDemo.swift in Sources */ = {isa = PBXBuildFile; fileRef = 17EFA68A26D049540094D483 /* NewFontsDemo.swift */; };
		17EFA68D26D049D90094D483 /* NewFontsDemo.swift in Sources */ = {isa = PBXBuildFile; fileRef = 17EFA68A26D049540094D483 /* NewFontsDemo.swift */; };
		17F3AAE626D7826200F5E2FF /* NavigationView-extension.swift in Sources */ = {isa = PBXBuildFile; fileRef = 17F3AAE526D7826200F5E2FF /* NavigationView-extension.swift */; };
/* End PBXBuildFile section */

/* Begin PBXContainerItemProxy section */
		170A607926DC2CE900FDEC94 /* PBXContainerItemProxy */ = {
			isa = PBXContainerItemProxy;
			containerPortal = 173D285A26CE9C7F00039D17 /* Project object */;
			proxyType = 1;
			remoteGlobalIDString = 174C439626CEF754009D6D94;
			remoteInfo = "iOS13-App";
		};
/* End PBXContainerItemProxy section */

/* Begin PBXFileReference section */
		170A607526DC2CE900FDEC94 /* iOS13-AppTests.xctest */ = {isa = PBXFileReference; explicitFileType = wrapper.cfbundle; includeInIndex = 0; path = "iOS13-AppTests.xctest"; sourceTree = BUILT_PRODUCTS_DIR; };
		170A607726DC2CE900FDEC94 /* AppStorageTests.swift */ = {isa = PBXFileReference; lastKnownFileType = sourcecode.swift; path = AppStorageTests.swift; sourceTree = "<group>"; };
		171029E526CFF239004E9440 /* README.md */ = {isa = PBXFileReference; lastKnownFileType = net.daringfireball.markdown; path = README.md; sourceTree = "<group>"; };
		172CCD4E26DBF88200DD1D4D /* ScenePhase.swift */ = {isa = PBXFileReference; lastKnownFileType = sourcecode.swift; path = ScenePhase.swift; sourceTree = "<group>"; };
		172CCD5026DC049F00DD1D4D /* SceneManager.swift */ = {isa = PBXFileReference; lastKnownFileType = sourcecode.swift; path = SceneManager.swift; sourceTree = "<group>"; };
		173D286226CE9C7F00039D17 /* iOS14-App.app */ = {isa = PBXFileReference; explicitFileType = wrapper.application; includeInIndex = 0; path = "iOS14-App.app"; sourceTree = BUILT_PRODUCTS_DIR; };
		173D286526CE9C7F00039D17 /* iOS14App.swift */ = {isa = PBXFileReference; lastKnownFileType = sourcecode.swift; path = iOS14App.swift; sourceTree = "<group>"; };
		173D286726CE9C7F00039D17 /* ContentView.swift */ = {isa = PBXFileReference; lastKnownFileType = sourcecode.swift; path = ContentView.swift; sourceTree = "<group>"; };
		173D286E26CE9C8000039D17 /* Info.plist */ = {isa = PBXFileReference; lastKnownFileType = text.plist.xml; path = Info.plist; sourceTree = "<group>"; };
		174C438F26CEC88A009D6D94 /* Color-extension.swift */ = {isa = PBXFileReference; lastKnownFileType = sourcecode.swift; path = "Color-extension.swift"; sourceTree = "<group>"; };
		174C439126CECF3D009D6D94 /* ProgressView.swift */ = {isa = PBXFileReference; lastKnownFileType = sourcecode.swift; path = ProgressView.swift; sourceTree = "<group>"; };
		174C439726CEF754009D6D94 /* iOS13-App.app */ = {isa = PBXFileReference; explicitFileType = wrapper.application; includeInIndex = 0; path = "iOS13-App.app"; sourceTree = BUILT_PRODUCTS_DIR; };
		174C439D26CEF755009D6D94 /* Assets.xcassets */ = {isa = PBXFileReference; lastKnownFileType = folder.assetcatalog; path = Assets.xcassets; sourceTree = "<group>"; };
		174C43AE26CEF843009D6D94 /* iOS15-App.app */ = {isa = PBXFileReference; explicitFileType = wrapper.application; includeInIndex = 0; path = "iOS15-App.app"; sourceTree = BUILT_PRODUCTS_DIR; };
		174C43B026CEF843009D6D94 /* iOS15App.swift */ = {isa = PBXFileReference; lastKnownFileType = sourcecode.swift; path = iOS15App.swift; sourceTree = "<group>"; };
		174C43BC26CEF896009D6D94 /* AppDelegate.swift */ = {isa = PBXFileReference; fileEncoding = 4; lastKnownFileType = sourcecode.swift; path = AppDelegate.swift; sourceTree = "<group>"; };
		174C43BD26CEF896009D6D94 /* SceneDelegate.swift */ = {isa = PBXFileReference; fileEncoding = 4; lastKnownFileType = sourcecode.swift; path = SceneDelegate.swift; sourceTree = "<group>"; };
		174C43C026CEF928009D6D94 /* Info.plist */ = {isa = PBXFileReference; fileEncoding = 4; lastKnownFileType = text.plist.xml; path = Info.plist; sourceTree = "<group>"; };
		174C43C226CEF996009D6D94 /* LaunchScreen.storyboard */ = {isa = PBXFileReference; fileEncoding = 4; lastKnownFileType = file.storyboard; path = LaunchScreen.storyboard; sourceTree = "<group>"; };
		175D329D26D03603002322AB /* AsyncImageDemo.swift */ = {isa = PBXFileReference; lastKnownFileType = sourcecode.swift; path = AsyncImageDemo.swift; sourceTree = "<group>"; };
		175D32A126D036BF002322AB /* NewColorsDemo.swift */ = {isa = PBXFileReference; lastKnownFileType = sourcecode.swift; path = NewColorsDemo.swift; sourceTree = "<group>"; };
		175D32A526D03731002322AB /* LabelDemo.swift */ = {isa = PBXFileReference; lastKnownFileType = sourcecode.swift; path = LabelDemo.swift; sourceTree = "<group>"; };
		175D32A926D0381B002322AB /* ProgressViewDemo.swift */ = {isa = PBXFileReference; lastKnownFileType = sourcecode.swift; path = ProgressViewDemo.swift; sourceTree = "<group>"; };
		1766B77126D61AC2006B096E /* View-onChange.swift */ = {isa = PBXFileReference; lastKnownFileType = sourcecode.swift; path = "View-onChange.swift"; sourceTree = "<group>"; };
		1766B77726D61D86006B096E /* ViewOnChangeDemo.swift */ = {isa = PBXFileReference; lastKnownFileType = sourcecode.swift; path = ViewOnChangeDemo.swift; sourceTree = "<group>"; };
		1772985F26DB7AF400CA2A8B /* SceneStorage.swift */ = {isa = PBXFileReference; lastKnownFileType = sourcecode.swift; path = SceneStorage.swift; sourceTree = "<group>"; };
		177CDA1526E0FEA400A46E2B /* BasicsDemo.swift */ = {isa = PBXFileReference; lastKnownFileType = sourcecode.swift; path = BasicsDemo.swift; sourceTree = "<group>"; };
		1785AACE26CE9DAC0009572F /* AsyncImage.swift */ = {isa = PBXFileReference; lastKnownFileType = sourcecode.swift; path = AsyncImage.swift; sourceTree = "<group>"; };
		1788790726D3C58B001C59FF /* ViewGeometryPreferenceKey.swift */ = {isa = PBXFileReference; lastKnownFileType = sourcecode.swift; path = ViewGeometryPreferenceKey.swift; sourceTree = "<group>"; };
		1788790B26D41101001C59FF /* StateObjectDemo.swift */ = {isa = PBXFileReference; fileEncoding = 4; lastKnownFileType = sourcecode.swift; path = StateObjectDemo.swift; sourceTree = "<group>"; };
		1788790F26D41113001C59FF /* StateObject.swift */ = {isa = PBXFileReference; fileEncoding = 4; lastKnownFileType = sourcecode.swift; path = StateObject.swift; sourceTree = "<group>"; };
		178A350B26FB76E900E5049E /* SceneStorageTests.swift */ = {isa = PBXFileReference; fileEncoding = 4; lastKnownFileType = sourcecode.swift; path = SceneStorageTests.swift; sourceTree = "<group>"; };
		178A350D26FCD27A00E5049E /* AnchorPreferenceKey.swift */ = {isa = PBXFileReference; lastKnownFileType = sourcecode.swift; path = AnchorPreferenceKey.swift; sourceTree = "<group>"; };
		178FF71E26EA457700966364 /* View-Never-body.swift */ = {isa = PBXFileReference; lastKnownFileType = sourcecode.swift; path = "View-Never-body.swift"; sourceTree = "<group>"; };
		17A0720426FCDD1300422E22 /* ProperlySizedSFSymbol.swift */ = {isa = PBXFileReference; lastKnownFileType = sourcecode.swift; path = ProperlySizedSFSymbol.swift; sourceTree = "<group>"; };
		17B25DD826CEFCC20004DC50 /* Label.swift */ = {isa = PBXFileReference; lastKnownFileType = sourcecode.swift; path = Label.swift; sourceTree = "<group>"; };
		17BEB6BC26EBAABA006C0115 /* View-Accessibility-Wrappers.swift */ = {isa = PBXFileReference; lastKnownFileType = sourcecode.swift; path = "View-Accessibility-Wrappers.swift"; sourceTree = "<group>"; };
		17C9CC0C26D393BA00459FA2 /* URLSession+DownloadTaskPublisher.swift */ = {isa = PBXFileReference; fileEncoding = 4; lastKnownFileType = sourcecode.swift; path = "URLSession+DownloadTaskPublisher.swift"; sourceTree = "<group>"; };
		17C9CC1026D3977C00459FA2 /* UnfairLock.swift */ = {isa = PBXFileReference; fileEncoding = 4; lastKnownFileType = sourcecode.swift; path = UnfairLock.swift; sourceTree = "<group>"; };
		17DE260326D80A4800AB5B07 /* AppStorage.swift */ = {isa = PBXFileReference; lastKnownFileType = sourcecode.swift; path = AppStorage.swift; sourceTree = "<group>"; };
		17EFA68826D049420094D483 /* Font-extension.swift */ = {isa = PBXFileReference; lastKnownFileType = sourcecode.swift; path = "Font-extension.swift"; sourceTree = "<group>"; };
		17EFA68A26D049540094D483 /* NewFontsDemo.swift */ = {isa = PBXFileReference; lastKnownFileType = sourcecode.swift; path = NewFontsDemo.swift; sourceTree = "<group>"; };
		17F21A5A26D846C300D13BE0 /* iOS13-App.entitlements */ = {isa = PBXFileReference; lastKnownFileType = text.plist.entitlements; path = "iOS13-App.entitlements"; sourceTree = "<group>"; };
		17F3AAE526D7826200F5E2FF /* NavigationView-extension.swift */ = {isa = PBXFileReference; fileEncoding = 4; lastKnownFileType = sourcecode.swift; path = "NavigationView-extension.swift"; sourceTree = "<group>"; };
/* End PBXFileReference section */

/* Begin PBXFrameworksBuildPhase section */
		170A607226DC2CE900FDEC94 /* Frameworks */ = {
			isa = PBXFrameworksBuildPhase;
			buildActionMask = 2147483647;
			files = (
			);
			runOnlyForDeploymentPostprocessing = 0;
		};
		173D285F26CE9C7F00039D17 /* Frameworks */ = {
			isa = PBXFrameworksBuildPhase;
			buildActionMask = 2147483647;
			files = (
			);
			runOnlyForDeploymentPostprocessing = 0;
		};
		174C439426CEF754009D6D94 /* Frameworks */ = {
			isa = PBXFrameworksBuildPhase;
			buildActionMask = 2147483647;
			files = (
			);
			runOnlyForDeploymentPostprocessing = 0;
		};
		174C43AB26CEF843009D6D94 /* Frameworks */ = {
			isa = PBXFrameworksBuildPhase;
			buildActionMask = 2147483647;
			files = (
			);
			runOnlyForDeploymentPostprocessing = 0;
		};
/* End PBXFrameworksBuildPhase section */

/* Begin PBXGroup section */
		170A607626DC2CE900FDEC94 /* iOS13-AppTests */ = {
			isa = PBXGroup;
			children = (
				170A607726DC2CE900FDEC94 /* AppStorageTests.swift */,
				178A350B26FB76E900E5049E /* SceneStorageTests.swift */,
			);
			path = "iOS13-AppTests";
			sourceTree = "<group>";
		};
		173D285926CE9C7F00039D17 = {
			isa = PBXGroup;
			children = (
				171029E526CFF239004E9440 /* README.md */,
				17FFD2C82711C2F20023CD0D /* DemoApp */,
				174C439D26CEF755009D6D94 /* Assets.xcassets */,
				176776F026CEC0AC0077534A /* Backports */,
				170A607626DC2CE900FDEC94 /* iOS13-AppTests */,
				173D286326CE9C7F00039D17 /* Products */,
			);
			sourceTree = "<group>";
		};
		173D286326CE9C7F00039D17 /* Products */ = {
			isa = PBXGroup;
			children = (
				173D286226CE9C7F00039D17 /* iOS14-App.app */,
				174C439726CEF754009D6D94 /* iOS13-App.app */,
				174C43AE26CEF843009D6D94 /* iOS15-App.app */,
				170A607526DC2CE900FDEC94 /* iOS13-AppTests.xctest */,
			);
			name = Products;
			sourceTree = "<group>";
		};
		173D286426CE9C7F00039D17 /* Views */ = {
			isa = PBXGroup;
			children = (
				173D286726CE9C7F00039D17 /* ContentView.swift */,
				177CDA1526E0FEA400A46E2B /* BasicsDemo.swift */,
				175D32A126D036BF002322AB /* NewColorsDemo.swift */,
				17EFA68A26D049540094D483 /* NewFontsDemo.swift */,
				175D32A526D03731002322AB /* LabelDemo.swift */,
				175D32A926D0381B002322AB /* ProgressViewDemo.swift */,
				175D329D26D03603002322AB /* AsyncImageDemo.swift */,
				1788790B26D41101001C59FF /* StateObjectDemo.swift */,
				1766B77726D61D86006B096E /* ViewOnChangeDemo.swift */,
			);
			path = Views;
			sourceTree = "<group>";
		};
		174C439826CEF754009D6D94 /* iOS13-App */ = {
			isa = PBXGroup;
			children = (
				17F21A5A26D846C300D13BE0 /* iOS13-App.entitlements */,
				174C43BC26CEF896009D6D94 /* AppDelegate.swift */,
				174C43BD26CEF896009D6D94 /* SceneDelegate.swift */,
				174C43C026CEF928009D6D94 /* Info.plist */,
				174C43C226CEF996009D6D94 /* LaunchScreen.storyboard */,
			);
			path = "iOS13-App";
			sourceTree = "<group>";
		};
		174C43A526CEF7B2009D6D94 /* iOS14-App */ = {
			isa = PBXGroup;
			children = (
				173D286526CE9C7F00039D17 /* iOS14App.swift */,
				173D286E26CE9C8000039D17 /* Info.plist */,
			);
			path = "iOS14-App";
			sourceTree = "<group>";
		};
		174C43AF26CEF843009D6D94 /* iOS15-App */ = {
			isa = PBXGroup;
			children = (
				174C43B026CEF843009D6D94 /* iOS15App.swift */,
			);
			path = "iOS15-App";
			sourceTree = "<group>";
		};
		176776F026CEC0AC0077534A /* Backports */ = {
			isa = PBXGroup;
			children = (
				17C9CC1426D3A0BF00459FA2 /* Utilities */,
				17DE260326D80A4800AB5B07 /* AppStorage.swift */,
				1785AACE26CE9DAC0009572F /* AsyncImage.swift */,
				174C438F26CEC88A009D6D94 /* Color-extension.swift */,
				17EFA68826D049420094D483 /* Font-extension.swift */,
				17B25DD826CEFCC20004DC50 /* Label.swift */,
				17F3AAE526D7826200F5E2FF /* NavigationView-extension.swift */,
				174C439126CECF3D009D6D94 /* ProgressView.swift */,
				172CCD4E26DBF88200DD1D4D /* ScenePhase.swift */,
				1772985F26DB7AF400CA2A8B /* SceneStorage.swift */,
				1788790F26D41113001C59FF /* StateObject.swift */,
				17BEB6BC26EBAABA006C0115 /* View-Accessibility-Wrappers.swift */,
				1766B77126D61AC2006B096E /* View-onChange.swift */,
				178FF71E26EA457700966364 /* View-Never-body.swift */,
			);
			path = Backports;
			sourceTree = "<group>";
		};
		17C9CC1426D3A0BF00459FA2 /* Utilities */ = {
			isa = PBXGroup;
			children = (
				172CCD5026DC049F00DD1D4D /* SceneManager.swift */,
				17C9CC0C26D393BA00459FA2 /* URLSession+DownloadTaskPublisher.swift */,
				17C9CC1026D3977C00459FA2 /* UnfairLock.swift */,
				1788790726D3C58B001C59FF /* ViewGeometryPreferenceKey.swift */,
				178A350D26FCD27A00E5049E /* AnchorPreferenceKey.swift */,
				17A0720426FCDD1300422E22 /* ProperlySizedSFSymbol.swift */,
			);
			path = Utilities;
			sourceTree = "<group>";
		};
		17FFD2C82711C2F20023CD0D /* DemoApp */ = {
			isa = PBXGroup;
			children = (
				174C43AF26CEF843009D6D94 /* iOS15-App */,
				174C43A526CEF7B2009D6D94 /* iOS14-App */,
				174C439826CEF754009D6D94 /* iOS13-App */,
				173D286426CE9C7F00039D17 /* Views */,
			);
			path = DemoApp;
			sourceTree = "<group>";
		};
/* End PBXGroup section */

/* Begin PBXNativeTarget section */
		170A607426DC2CE900FDEC94 /* iOS13-AppTests */ = {
			isa = PBXNativeTarget;
			buildConfigurationList = 170A607D26DC2CE900FDEC94 /* Build configuration list for PBXNativeTarget "iOS13-AppTests" */;
			buildPhases = (
				170A607126DC2CE900FDEC94 /* Sources */,
				170A607226DC2CE900FDEC94 /* Frameworks */,
				170A607326DC2CE900FDEC94 /* Resources */,
			);
			buildRules = (
			);
			dependencies = (
				170A607A26DC2CE900FDEC94 /* PBXTargetDependency */,
			);
			name = "iOS13-AppTests";
			productName = "iOS13-AppTests";
			productReference = 170A607526DC2CE900FDEC94 /* iOS13-AppTests.xctest */;
			productType = "com.apple.product-type.bundle.unit-test";
		};
		173D286126CE9C7F00039D17 /* iOS14-App */ = {
			isa = PBXNativeTarget;
			buildConfigurationList = 173D287126CE9C8000039D17 /* Build configuration list for PBXNativeTarget "iOS14-App" */;
			buildPhases = (
				173D285E26CE9C7F00039D17 /* Sources */,
				173D285F26CE9C7F00039D17 /* Frameworks */,
				173D286026CE9C7F00039D17 /* Resources */,
			);
			buildRules = (
			);
			dependencies = (
			);
			name = "iOS14-App";
			productName = "SwiftUI-Searchbar";
			productReference = 173D286226CE9C7F00039D17 /* iOS14-App.app */;
			productType = "com.apple.product-type.application";
		};
		174C439626CEF754009D6D94 /* iOS13-App */ = {
			isa = PBXNativeTarget;
			buildConfigurationList = 174C43A226CEF755009D6D94 /* Build configuration list for PBXNativeTarget "iOS13-App" */;
			buildPhases = (
				174C439326CEF754009D6D94 /* Sources */,
				174C439426CEF754009D6D94 /* Frameworks */,
				174C439526CEF754009D6D94 /* Resources */,
			);
			buildRules = (
			);
			dependencies = (
			);
			name = "iOS13-App";
			productName = "SwiftUI-Searchbar-iOS13";
			productReference = 174C439726CEF754009D6D94 /* iOS13-App.app */;
			productType = "com.apple.product-type.application";
		};
		174C43AD26CEF843009D6D94 /* iOS15-App */ = {
			isa = PBXNativeTarget;
			buildConfigurationList = 174C43B926CEF844009D6D94 /* Build configuration list for PBXNativeTarget "iOS15-App" */;
			buildPhases = (
				174C43AA26CEF843009D6D94 /* Sources */,
				174C43AB26CEF843009D6D94 /* Frameworks */,
				174C43AC26CEF843009D6D94 /* Resources */,
			);
			buildRules = (
			);
			dependencies = (
			);
			name = "iOS15-App";
			productName = "iOS15-App";
			productReference = 174C43AE26CEF843009D6D94 /* iOS15-App.app */;
			productType = "com.apple.product-type.application";
		};
/* End PBXNativeTarget section */

/* Begin PBXProject section */
		173D285A26CE9C7F00039D17 /* Project object */ = {
			isa = PBXProject;
			attributes = {
				LastSwiftUpdateCheck = 1300;
				LastUpgradeCheck = 1250;
				TargetAttributes = {
					170A607426DC2CE900FDEC94 = {
						CreatedOnToolsVersion = 13.0;
						TestTargetID = 174C439626CEF754009D6D94;
					};
					173D286126CE9C7F00039D17 = {
						CreatedOnToolsVersion = 12.5.1;
					};
					174C439626CEF754009D6D94 = {
						CreatedOnToolsVersion = 13.0;
					};
					174C43AD26CEF843009D6D94 = {
						CreatedOnToolsVersion = 13.0;
					};
				};
			};
			buildConfigurationList = 173D285D26CE9C7F00039D17 /* Build configuration list for PBXProject "SwiftUI-Generations" */;
			compatibilityVersion = "Xcode 9.3";
			developmentRegion = en;
			hasScannedForEncodings = 0;
			knownRegions = (
				en,
				Base,
			);
			mainGroup = 173D285926CE9C7F00039D17;
			productRefGroup = 173D286326CE9C7F00039D17 /* Products */;
			projectDirPath = "";
			projectRoot = "";
			targets = (
				174C439626CEF754009D6D94 /* iOS13-App */,
				173D286126CE9C7F00039D17 /* iOS14-App */,
				174C43AD26CEF843009D6D94 /* iOS15-App */,
				170A607426DC2CE900FDEC94 /* iOS13-AppTests */,
			);
		};
/* End PBXProject section */

/* Begin PBXResourcesBuildPhase section */
		170A607326DC2CE900FDEC94 /* Resources */ = {
			isa = PBXResourcesBuildPhase;
			buildActionMask = 2147483647;
			files = (
			);
			runOnlyForDeploymentPostprocessing = 0;
		};
		173D286026CE9C7F00039D17 /* Resources */ = {
			isa = PBXResourcesBuildPhase;
			buildActionMask = 2147483647;
			files = (
				1719DCC626D0077900A12F1C /* Assets.xcassets in Resources */,
			);
			runOnlyForDeploymentPostprocessing = 0;
		};
		174C439526CEF754009D6D94 /* Resources */ = {
			isa = PBXResourcesBuildPhase;
			buildActionMask = 2147483647;
			files = (
				174C439E26CEF755009D6D94 /* Assets.xcassets in Resources */,
				174C43C326CEF996009D6D94 /* LaunchScreen.storyboard in Resources */,
			);
			runOnlyForDeploymentPostprocessing = 0;
		};
		174C43AC26CEF843009D6D94 /* Resources */ = {
			isa = PBXResourcesBuildPhase;
			buildActionMask = 2147483647;
			files = (
				1719DCC726D0077A00A12F1C /* Assets.xcassets in Resources */,
			);
			runOnlyForDeploymentPostprocessing = 0;
		};
/* End PBXResourcesBuildPhase section */

/* Begin PBXSourcesBuildPhase section */
		170A607126DC2CE900FDEC94 /* Sources */ = {
			isa = PBXSourcesBuildPhase;
			buildActionMask = 2147483647;
			files = (
				178A350C26FB76E900E5049E /* SceneStorageTests.swift in Sources */,
				170A607826DC2CE900FDEC94 /* AppStorageTests.swift in Sources */,
			);
			runOnlyForDeploymentPostprocessing = 0;
		};
		173D285E26CE9C7F00039D17 /* Sources */ = {
			isa = PBXSourcesBuildPhase;
			buildActionMask = 2147483647;
			files = (
				175D32A726D03731002322AB /* LabelDemo.swift in Sources */,
				177CDA1726E0FEA400A46E2B /* BasicsDemo.swift in Sources */,
				175D32A326D036BF002322AB /* NewColorsDemo.swift in Sources */,
				17EFA68C26D049D80094D483 /* NewFontsDemo.swift in Sources */,
				173D286826CE9C7F00039D17 /* ContentView.swift in Sources */,
				1788790D26D41101001C59FF /* StateObjectDemo.swift in Sources */,
				175D329F26D03603002322AB /* AsyncImageDemo.swift in Sources */,
				175D32AB26D0381B002322AB /* ProgressViewDemo.swift in Sources */,
				1766B77A26D61D92006B096E /* ViewOnChangeDemo.swift in Sources */,
				174C439026CEC88A009D6D94 /* Color-extension.swift in Sources */,
				1785AACF26CE9DAC0009572F /* AsyncImage.swift in Sources */,
				17C9CC1226D3977C00459FA2 /* UnfairLock.swift in Sources */,
				17C9CC0E26D393BA00459FA2 /* URLSession+DownloadTaskPublisher.swift in Sources */,
				1788790926D3C58B001C59FF /* ViewGeometryPreferenceKey.swift in Sources */,
				173D286626CE9C7F00039D17 /* iOS14App.swift in Sources */,
			);
			runOnlyForDeploymentPostprocessing = 0;
		};
		174C439326CEF754009D6D94 /* Sources */ = {
			isa = PBXSourcesBuildPhase;
			buildActionMask = 2147483647;
			files = (
				1788791026D41113001C59FF /* StateObject.swift in Sources */,
				177CDA1626E0FEA400A46E2B /* BasicsDemo.swift in Sources */,
				17EFA68B26D049540094D483 /* NewFontsDemo.swift in Sources */,
				172CCD4F26DBF88200DD1D4D /* ScenePhase.swift in Sources */,
				174C43BE26CEF897009D6D94 /* AppDelegate.swift in Sources */,
				17A0720526FCDD1300422E22 /* ProperlySizedSFSymbol.swift in Sources */,
				175D32A626D03731002322AB /* LabelDemo.swift in Sources */,
				17C9CC1126D3977C00459FA2 /* UnfairLock.swift in Sources */,
				174C43BF26CEF897009D6D94 /* SceneDelegate.swift in Sources */,
				1772986026DB7AF400CA2A8B /* SceneStorage.swift in Sources */,
				1766B77226D61AC2006B096E /* View-onChange.swift in Sources */,
				1788790826D3C58B001C59FF /* ViewGeometryPreferenceKey.swift in Sources */,
				17BEB6BD26EBAABA006C0115 /* View-Accessibility-Wrappers.swift in Sources */,
				174C43A726CEF7CD009D6D94 /* AsyncImage.swift in Sources */,
				174C43A926CEF819009D6D94 /* ContentView.swift in Sources */,
				175D32A226D036BF002322AB /* NewColorsDemo.swift in Sources */,
				174C43A626CEF7C9009D6D94 /* ProgressView.swift in Sources */,
				1766B77826D61D86006B096E /* ViewOnChangeDemo.swift in Sources */,
				17DE260426D80A4800AB5B07 /* AppStorage.swift in Sources */,
				175D329E26D03603002322AB /* AsyncImageDemo.swift in Sources */,
				17EFA68926D049420094D483 /* Font-extension.swift in Sources */,
				17C9CC0D26D393BA00459FA2 /* URLSession+DownloadTaskPublisher.swift in Sources */,
				1788790C26D41101001C59FF /* StateObjectDemo.swift in Sources */,
				178FF71F26EA457700966364 /* View-Never-body.swift in Sources */,
				17B25DD926CEFCC20004DC50 /* Label.swift in Sources */,
				174C43A826CEF7D0009D6D94 /* Color-extension.swift in Sources */,
				172CCD5126DC049F00DD1D4D /* SceneManager.swift in Sources */,
				178A350F26FCD29F00E5049E /* AnchorPreferenceKey.swift in Sources */,
				17F3AAE626D7826200F5E2FF /* NavigationView-extension.swift in Sources */,
				175D32AA26D0381B002322AB /* ProgressViewDemo.swift in Sources */,
			);
			runOnlyForDeploymentPostprocessing = 0;
		};
		174C43AA26CEF843009D6D94 /* Sources */ = {
			isa = PBXSourcesBuildPhase;
			buildActionMask = 2147483647;
			files = (
				1788790E26D41101001C59FF /* StateObjectDemo.swift in Sources */,
				177CDA1826E0FEA400A46E2B /* BasicsDemo.swift in Sources */,
				175D32A026D03603002322AB /* AsyncImageDemo.swift in Sources */,
				175D32A826D03731002322AB /* LabelDemo.swift in Sources */,
				175D32AC26D0381B002322AB /* ProgressViewDemo.swift in Sources */,
				174C43C426CEF9F9009D6D94 /* ContentView.swift in Sources */,
				17EFA68D26D049D90094D483 /* NewFontsDemo.swift in Sources */,
				174C43B126CEF843009D6D94 /* iOS15App.swift in Sources */,
				175D32A426D036BF002322AB /* NewColorsDemo.swift in Sources */,
				1766B77926D61D92006B096E /* ViewOnChangeDemo.swift in Sources */,
			);
			runOnlyForDeploymentPostprocessing = 0;
		};
/* End PBXSourcesBuildPhase section */

/* Begin PBXTargetDependency section */
		170A607A26DC2CE900FDEC94 /* PBXTargetDependency */ = {
			isa = PBXTargetDependency;
			target = 174C439626CEF754009D6D94 /* iOS13-App */;
			targetProxy = 170A607926DC2CE900FDEC94 /* PBXContainerItemProxy */;
		};
/* End PBXTargetDependency section */

/* Begin XCBuildConfiguration section */
		170A607B26DC2CE900FDEC94 /* Debug */ = {
			isa = XCBuildConfiguration;
			buildSettings = {
				BUNDLE_LOADER = "$(TEST_HOST)";
				CLANG_CXX_LANGUAGE_STANDARD = "gnu++17";
				CODE_SIGN_STYLE = Automatic;
				CURRENT_PROJECT_VERSION = 1;
				DEVELOPMENT_TEAM = P8CC95REUG;
				GENERATE_INFOPLIST_FILE = YES;
				LD_RUNPATH_SEARCH_PATHS = (
					"$(inherited)",
					"@executable_path/Frameworks",
					"@loader_path/Frameworks",
				);
				MARKETING_VERSION = 1.0;
				PRODUCT_BUNDLE_IDENTIFIER = "com.yourcompany.iOS13-AppTests";
				PRODUCT_NAME = "$(TARGET_NAME)";
				SWIFT_EMIT_LOC_STRINGS = NO;
				SWIFT_VERSION = 5.0;
				TARGETED_DEVICE_FAMILY = "1,2";
				TEST_HOST = "$(BUILT_PRODUCTS_DIR)/iOS13-App.app/iOS13-App";
			};
			name = Debug;
		};
		170A607C26DC2CE900FDEC94 /* Release */ = {
			isa = XCBuildConfiguration;
			buildSettings = {
				BUNDLE_LOADER = "$(TEST_HOST)";
				CLANG_CXX_LANGUAGE_STANDARD = "gnu++17";
				CODE_SIGN_STYLE = Automatic;
				CURRENT_PROJECT_VERSION = 1;
				DEVELOPMENT_TEAM = P8CC95REUG;
				GENERATE_INFOPLIST_FILE = YES;
				LD_RUNPATH_SEARCH_PATHS = (
					"$(inherited)",
					"@executable_path/Frameworks",
					"@loader_path/Frameworks",
				);
				MARKETING_VERSION = 1.0;
				PRODUCT_BUNDLE_IDENTIFIER = "com.yourcompany.iOS13-AppTests";
				PRODUCT_NAME = "$(TARGET_NAME)";
				SWIFT_EMIT_LOC_STRINGS = NO;
				SWIFT_VERSION = 5.0;
				TARGETED_DEVICE_FAMILY = "1,2";
				TEST_HOST = "$(BUILT_PRODUCTS_DIR)/iOS13-App.app/iOS13-App";
			};
			name = Release;
		};
		173D286F26CE9C8000039D17 /* Debug */ = {
			isa = XCBuildConfiguration;
			buildSettings = {
				ALWAYS_SEARCH_USER_PATHS = NO;
				CLANG_ANALYZER_NONNULL = YES;
				CLANG_ANALYZER_NUMBER_OBJECT_CONVERSION = YES_AGGRESSIVE;
				CLANG_CXX_LANGUAGE_STANDARD = "gnu++14";
				CLANG_CXX_LIBRARY = "libc++";
				CLANG_ENABLE_MODULES = YES;
				CLANG_ENABLE_OBJC_ARC = YES;
				CLANG_ENABLE_OBJC_WEAK = YES;
				CLANG_WARN_BLOCK_CAPTURE_AUTORELEASING = YES;
				CLANG_WARN_BOOL_CONVERSION = YES;
				CLANG_WARN_COMMA = YES;
				CLANG_WARN_CONSTANT_CONVERSION = YES;
				CLANG_WARN_DEPRECATED_OBJC_IMPLEMENTATIONS = YES;
				CLANG_WARN_DIRECT_OBJC_ISA_USAGE = YES_ERROR;
				CLANG_WARN_DOCUMENTATION_COMMENTS = YES;
				CLANG_WARN_EMPTY_BODY = YES;
				CLANG_WARN_ENUM_CONVERSION = YES;
				CLANG_WARN_INFINITE_RECURSION = YES;
				CLANG_WARN_INT_CONVERSION = YES;
				CLANG_WARN_NON_LITERAL_NULL_CONVERSION = YES;
				CLANG_WARN_OBJC_IMPLICIT_RETAIN_SELF = YES;
				CLANG_WARN_OBJC_LITERAL_CONVERSION = YES;
				CLANG_WARN_OBJC_ROOT_CLASS = YES_ERROR;
				CLANG_WARN_QUOTED_INCLUDE_IN_FRAMEWORK_HEADER = YES;
				CLANG_WARN_RANGE_LOOP_ANALYSIS = YES;
				CLANG_WARN_STRICT_PROTOTYPES = YES;
				CLANG_WARN_SUSPICIOUS_MOVE = YES;
				CLANG_WARN_UNGUARDED_AVAILABILITY = YES_AGGRESSIVE;
				CLANG_WARN_UNREACHABLE_CODE = YES;
				CLANG_WARN__DUPLICATE_METHOD_MATCH = YES;
				COPY_PHASE_STRIP = NO;
				DEBUG_INFORMATION_FORMAT = dwarf;
				ENABLE_STRICT_OBJC_MSGSEND = YES;
				ENABLE_TESTABILITY = YES;
				GCC_C_LANGUAGE_STANDARD = gnu11;
				GCC_DYNAMIC_NO_PIC = NO;
				GCC_NO_COMMON_BLOCKS = YES;
				GCC_OPTIMIZATION_LEVEL = 0;
				GCC_PREPROCESSOR_DEFINITIONS = (
					"DEBUG=1",
					"$(inherited)",
				);
				GCC_WARN_64_TO_32_BIT_CONVERSION = YES;
				GCC_WARN_ABOUT_RETURN_TYPE = YES_ERROR;
				GCC_WARN_UNDECLARED_SELECTOR = YES;
				GCC_WARN_UNINITIALIZED_AUTOS = YES_AGGRESSIVE;
				GCC_WARN_UNUSED_FUNCTION = YES;
				GCC_WARN_UNUSED_VARIABLE = YES;
				IPHONEOS_DEPLOYMENT_TARGET = 13.5;
				MTL_ENABLE_DEBUG_INFO = INCLUDE_SOURCE;
				MTL_FAST_MATH = YES;
				ONLY_ACTIVE_ARCH = YES;
				SDKROOT = iphoneos;
				SWIFT_ACTIVE_COMPILATION_CONDITIONS = DEBUG;
				SWIFT_OPTIMIZATION_LEVEL = "-Onone";
			};
			name = Debug;
		};
		173D287026CE9C8000039D17 /* Release */ = {
			isa = XCBuildConfiguration;
			buildSettings = {
				ALWAYS_SEARCH_USER_PATHS = NO;
				CLANG_ANALYZER_NONNULL = YES;
				CLANG_ANALYZER_NUMBER_OBJECT_CONVERSION = YES_AGGRESSIVE;
				CLANG_CXX_LANGUAGE_STANDARD = "gnu++14";
				CLANG_CXX_LIBRARY = "libc++";
				CLANG_ENABLE_MODULES = YES;
				CLANG_ENABLE_OBJC_ARC = YES;
				CLANG_ENABLE_OBJC_WEAK = YES;
				CLANG_WARN_BLOCK_CAPTURE_AUTORELEASING = YES;
				CLANG_WARN_BOOL_CONVERSION = YES;
				CLANG_WARN_COMMA = YES;
				CLANG_WARN_CONSTANT_CONVERSION = YES;
				CLANG_WARN_DEPRECATED_OBJC_IMPLEMENTATIONS = YES;
				CLANG_WARN_DIRECT_OBJC_ISA_USAGE = YES_ERROR;
				CLANG_WARN_DOCUMENTATION_COMMENTS = YES;
				CLANG_WARN_EMPTY_BODY = YES;
				CLANG_WARN_ENUM_CONVERSION = YES;
				CLANG_WARN_INFINITE_RECURSION = YES;
				CLANG_WARN_INT_CONVERSION = YES;
				CLANG_WARN_NON_LITERAL_NULL_CONVERSION = YES;
				CLANG_WARN_OBJC_IMPLICIT_RETAIN_SELF = YES;
				CLANG_WARN_OBJC_LITERAL_CONVERSION = YES;
				CLANG_WARN_OBJC_ROOT_CLASS = YES_ERROR;
				CLANG_WARN_QUOTED_INCLUDE_IN_FRAMEWORK_HEADER = YES;
				CLANG_WARN_RANGE_LOOP_ANALYSIS = YES;
				CLANG_WARN_STRICT_PROTOTYPES = YES;
				CLANG_WARN_SUSPICIOUS_MOVE = YES;
				CLANG_WARN_UNGUARDED_AVAILABILITY = YES_AGGRESSIVE;
				CLANG_WARN_UNREACHABLE_CODE = YES;
				CLANG_WARN__DUPLICATE_METHOD_MATCH = YES;
				COPY_PHASE_STRIP = NO;
				DEBUG_INFORMATION_FORMAT = "dwarf-with-dsym";
				ENABLE_NS_ASSERTIONS = NO;
				ENABLE_STRICT_OBJC_MSGSEND = YES;
				GCC_C_LANGUAGE_STANDARD = gnu11;
				GCC_NO_COMMON_BLOCKS = YES;
				GCC_WARN_64_TO_32_BIT_CONVERSION = YES;
				GCC_WARN_ABOUT_RETURN_TYPE = YES_ERROR;
				GCC_WARN_UNDECLARED_SELECTOR = YES;
				GCC_WARN_UNINITIALIZED_AUTOS = YES_AGGRESSIVE;
				GCC_WARN_UNUSED_FUNCTION = YES;
				GCC_WARN_UNUSED_VARIABLE = YES;
				IPHONEOS_DEPLOYMENT_TARGET = 13.5;
				MTL_ENABLE_DEBUG_INFO = NO;
				MTL_FAST_MATH = YES;
				SDKROOT = iphoneos;
				SWIFT_COMPILATION_MODE = wholemodule;
				SWIFT_OPTIMIZATION_LEVEL = "-O";
				VALIDATE_PRODUCT = YES;
			};
			name = Release;
		};
		173D287226CE9C8000039D17 /* Debug */ = {
			isa = XCBuildConfiguration;
			buildSettings = {
				ASSETCATALOG_COMPILER_APPICON_NAME = AppIcon;
				ASSETCATALOG_COMPILER_GLOBAL_ACCENT_COLOR_NAME = AccentColor;
				CODE_SIGN_STYLE = Automatic;
				DEVELOPMENT_TEAM = P8CC95REUG;
				ENABLE_PREVIEWS = YES;
				INFOPLIST_FILE = "DemoApp/iOS14-App/Info.plist";
				IPHONEOS_DEPLOYMENT_TARGET = 14.5;
				LD_RUNPATH_SEARCH_PATHS = (
					"$(inherited)",
					"@executable_path/Frameworks",
				);
				PRODUCT_BUNDLE_IDENTIFIER = "com.yourcompany.SwiftUI-Elements.iOS14";
				PRODUCT_NAME = "$(TARGET_NAME)";
				SWIFT_VERSION = 5.0;
				TARGETED_DEVICE_FAMILY = "1,2";
			};
			name = Debug;
		};
		173D287326CE9C8000039D17 /* Release */ = {
			isa = XCBuildConfiguration;
			buildSettings = {
				ASSETCATALOG_COMPILER_APPICON_NAME = AppIcon;
				ASSETCATALOG_COMPILER_GLOBAL_ACCENT_COLOR_NAME = AccentColor;
				CODE_SIGN_STYLE = Automatic;
				DEVELOPMENT_TEAM = P8CC95REUG;
				ENABLE_PREVIEWS = YES;
				INFOPLIST_FILE = "DemoApp/iOS14-App/Info.plist";
				IPHONEOS_DEPLOYMENT_TARGET = 14.5;
				LD_RUNPATH_SEARCH_PATHS = (
					"$(inherited)",
					"@executable_path/Frameworks",
				);
				PRODUCT_BUNDLE_IDENTIFIER = "com.yourcompany.SwiftUI-Elements.iOS14";
				PRODUCT_NAME = "$(TARGET_NAME)";
				SWIFT_VERSION = 5.0;
				TARGETED_DEVICE_FAMILY = "1,2";
			};
			name = Release;
		};
		174C43A326CEF755009D6D94 /* Debug */ = {
			isa = XCBuildConfiguration;
			buildSettings = {
				ASSETCATALOG_COMPILER_APPICON_NAME = AppIcon;
				ASSETCATALOG_COMPILER_GLOBAL_ACCENT_COLOR_NAME = AccentColor;
				CLANG_CXX_LANGUAGE_STANDARD = "gnu++17";
				CODE_SIGN_ENTITLEMENTS = "DemoApp/iOS13-App/iOS13-App.entitlements";
				CODE_SIGN_STYLE = Automatic;
				CURRENT_PROJECT_VERSION = 1;
				DEVELOPMENT_TEAM = P8CC95REUG;
				ENABLE_PREVIEWS = YES;
				INFOPLIST_FILE = "DemoApp/iOS13-App/Info.plist";
				LD_RUNPATH_SEARCH_PATHS = (
					"$(inherited)",
					"@executable_path/Frameworks",
				);
				MARKETING_VERSION = 1.0;
				PRODUCT_BUNDLE_IDENTIFIER = "com.yourcompany.SwiftUI-Elements.iOS13";
				PRODUCT_NAME = "$(TARGET_NAME)";
				SWIFT_EMIT_LOC_STRINGS = YES;
				SWIFT_VERSION = 5.0;
				TARGETED_DEVICE_FAMILY = "1,2";
			};
			name = Debug;
		};
		174C43A426CEF755009D6D94 /* Release */ = {
			isa = XCBuildConfiguration;
			buildSettings = {
				ASSETCATALOG_COMPILER_APPICON_NAME = AppIcon;
				ASSETCATALOG_COMPILER_GLOBAL_ACCENT_COLOR_NAME = AccentColor;
				CLANG_CXX_LANGUAGE_STANDARD = "gnu++17";
				CODE_SIGN_ENTITLEMENTS = "DemoApp/iOS13-App/iOS13-App.entitlements";
				CODE_SIGN_STYLE = Automatic;
				CURRENT_PROJECT_VERSION = 1;
				DEVELOPMENT_TEAM = P8CC95REUG;
				ENABLE_PREVIEWS = YES;
				INFOPLIST_FILE = "DemoApp/iOS13-App/Info.plist";
				LD_RUNPATH_SEARCH_PATHS = (
					"$(inherited)",
					"@executable_path/Frameworks",
				);
				MARKETING_VERSION = 1.0;
				PRODUCT_BUNDLE_IDENTIFIER = "com.yourcompany.SwiftUI-Elements.iOS13";
				PRODUCT_NAME = "$(TARGET_NAME)";
				SWIFT_EMIT_LOC_STRINGS = YES;
				SWIFT_VERSION = 5.0;
				TARGETED_DEVICE_FAMILY = "1,2";
			};
			name = Release;
		};
		174C43BA26CEF844009D6D94 /* Debug */ = {
			isa = XCBuildConfiguration;
			buildSettings = {
				ASSETCATALOG_COMPILER_APPICON_NAME = AppIcon;
				ASSETCATALOG_COMPILER_GLOBAL_ACCENT_COLOR_NAME = AccentColor;
				CLANG_CXX_LANGUAGE_STANDARD = "gnu++17";
				CODE_SIGN_STYLE = Automatic;
				CURRENT_PROJECT_VERSION = 1;
				DEVELOPMENT_TEAM = P8CC95REUG;
				ENABLE_PREVIEWS = YES;
				GENERATE_INFOPLIST_FILE = YES;
				INFOPLIST_KEY_UIApplicationSceneManifest_Generation = YES;
				INFOPLIST_KEY_UIApplicationSupportsIndirectInputEvents = YES;
				INFOPLIST_KEY_UILaunchScreen_Generation = YES;
				INFOPLIST_KEY_UISupportedInterfaceOrientations = "UIInterfaceOrientationPortrait UIInterfaceOrientationLandscapeLeft UIInterfaceOrientationLandscapeRight";
				INFOPLIST_KEY_UISupportedInterfaceOrientations_iPad = "UIInterfaceOrientationPortrait UIInterfaceOrientationPortraitUpsideDown UIInterfaceOrientationLandscapeLeft UIInterfaceOrientationLandscapeRight";
				INFOPLIST_KEY_UISupportedInterfaceOrientations_iPhone = "UIInterfaceOrientationPortrait UIInterfaceOrientationLandscapeLeft UIInterfaceOrientationLandscapeRight";
				IPHONEOS_DEPLOYMENT_TARGET = 15.0;
				LD_RUNPATH_SEARCH_PATHS = (
					"$(inherited)",
					"@executable_path/Frameworks",
				);
				MARKETING_VERSION = 1.0;
				PRODUCT_BUNDLE_IDENTIFIER = "com.yourcompany.SwiftUI-Elements.iOS15";
				PRODUCT_NAME = "$(TARGET_NAME)";
				SWIFT_EMIT_LOC_STRINGS = YES;
				SWIFT_VERSION = 5.0;
				TARGETED_DEVICE_FAMILY = "1,2";
			};
			name = Debug;
		};
		174C43BB26CEF844009D6D94 /* Release */ = {
			isa = XCBuildConfiguration;
			buildSettings = {
				ASSETCATALOG_COMPILER_APPICON_NAME = AppIcon;
				ASSETCATALOG_COMPILER_GLOBAL_ACCENT_COLOR_NAME = AccentColor;
				CLANG_CXX_LANGUAGE_STANDARD = "gnu++17";
				CODE_SIGN_STYLE = Automatic;
				CURRENT_PROJECT_VERSION = 1;
				DEVELOPMENT_TEAM = P8CC95REUG;
				ENABLE_PREVIEWS = YES;
				GENERATE_INFOPLIST_FILE = YES;
				INFOPLIST_KEY_UIApplicationSceneManifest_Generation = YES;
				INFOPLIST_KEY_UIApplicationSupportsIndirectInputEvents = YES;
				INFOPLIST_KEY_UILaunchScreen_Generation = YES;
				INFOPLIST_KEY_UISupportedInterfaceOrientations = "UIInterfaceOrientationPortrait UIInterfaceOrientationLandscapeLeft UIInterfaceOrientationLandscapeRight";
				INFOPLIST_KEY_UISupportedInterfaceOrientations_iPad = "UIInterfaceOrientationPortrait UIInterfaceOrientationPortraitUpsideDown UIInterfaceOrientationLandscapeLeft UIInterfaceOrientationLandscapeRight";
				INFOPLIST_KEY_UISupportedInterfaceOrientations_iPhone = "UIInterfaceOrientationPortrait UIInterfaceOrientationLandscapeLeft UIInterfaceOrientationLandscapeRight";
				IPHONEOS_DEPLOYMENT_TARGET = 15.0;
				LD_RUNPATH_SEARCH_PATHS = (
					"$(inherited)",
					"@executable_path/Frameworks",
				);
				MARKETING_VERSION = 1.0;
				PRODUCT_BUNDLE_IDENTIFIER = "com.yourcompany.SwiftUI-Elements.iOS15";
				PRODUCT_NAME = "$(TARGET_NAME)";
				SWIFT_EMIT_LOC_STRINGS = YES;
				SWIFT_VERSION = 5.0;
				TARGETED_DEVICE_FAMILY = "1,2";
			};
			name = Release;
		};
/* End XCBuildConfiguration section */

/* Begin XCConfigurationList section */
		170A607D26DC2CE900FDEC94 /* Build configuration list for PBXNativeTarget "iOS13-AppTests" */ = {
			isa = XCConfigurationList;
			buildConfigurations = (
				170A607B26DC2CE900FDEC94 /* Debug */,
				170A607C26DC2CE900FDEC94 /* Release */,
			);
			defaultConfigurationIsVisible = 0;
			defaultConfigurationName = Release;
		};
		173D285D26CE9C7F00039D17 /* Build configuration list for PBXProject "SwiftUI-Generations" */ = {
			isa = XCConfigurationList;
			buildConfigurations = (
				173D286F26CE9C8000039D17 /* Debug */,
				173D287026CE9C8000039D17 /* Release */,
			);
			defaultConfigurationIsVisible = 0;
			defaultConfigurationName = Release;
		};
		173D287126CE9C8000039D17 /* Build configuration list for PBXNativeTarget "iOS14-App" */ = {
			isa = XCConfigurationList;
			buildConfigurations = (
				173D287226CE9C8000039D17 /* Debug */,
				173D287326CE9C8000039D17 /* Release */,
			);
			defaultConfigurationIsVisible = 0;
			defaultConfigurationName = Release;
		};
		174C43A226CEF755009D6D94 /* Build configuration list for PBXNativeTarget "iOS13-App" */ = {
			isa = XCConfigurationList;
			buildConfigurations = (
				174C43A326CEF755009D6D94 /* Debug */,
				174C43A426CEF755009D6D94 /* Release */,
			);
			defaultConfigurationIsVisible = 0;
			defaultConfigurationName = Release;
		};
		174C43B926CEF844009D6D94 /* Build configuration list for PBXNativeTarget "iOS15-App" */ = {
			isa = XCConfigurationList;
			buildConfigurations = (
				174C43BA26CEF844009D6D94 /* Debug */,
				174C43BB26CEF844009D6D94 /* Release */,
			);
			defaultConfigurationIsVisible = 0;
			defaultConfigurationName = Release;
		};
/* End XCConfigurationList section */
	};
	rootObject = 173D285A26CE9C7F00039D17 /* Project object */;
}
